
Microsoft Visual Studio Solution File, Format Version 12.00
# Visual Studio 15
VisualStudioVersion = 15.0.28307.168
MinimumVisualStudioVersion = 10.0.40219.1
Project("{F184B08F-C81C-45F6-A57F-5ABD9991F28F}") = "CRUDMsAcces", "CRUDMsAcces\CRUDMsAcces.vbproj", "{0019E351-64D0-4020-9F76-99726A6C732C}"
EndProject
Global
	GlobalSection(SolutionConfigurationPlatforms) = preSolution
		Debug|Any CPU = Debug|Any CPU
		Release|Any CPU = Release|Any CPU
	EndGlobalSection
	GlobalSection(ProjectConfigurationPlatforms) = postSolution
		{0019E351-64D0-4020-9F76-99726A6C732C}.Debug|Any CPU.ActiveCfg = Debug|Any CPU
		{0019E351-64D0-4020-9F76-99726A6C732C}.Debug|Any CPU.Build.0 = Debug|Any CPU
		{0019E351-64D0-4020-9F76-99726A6C732C}.Release|Any CPU.ActiveCfg = Release|Any CPU
		{0019E351-64D0-4020-9F76-99726A6C732C}.Release|Any CPU.Build.0 = Release|Any CPU
	EndGlobalSection
	GlobalSection(SolutionProperties) = preSolution
		HideSolutionNode = FALSE
	EndGlobalSection
	GlobalSection(ExtensibilityGlobals) = postSolution
		SolutionGuid = {4F62A454-29F7-4E9C-89EC-B28946603C52}
	EndGlobalSection
EndGlobal
